// !$*UTF8*$!
{
	archiveVersion = 1;
	classes = {
	};
	objectVersion = 56;
	objects = {

/* Begin PBXBuildFile section */
		011E984028D7D67A0034BC95 /* Education.swift in Sources */ = {isa = PBXBuildFile; fileRef = 011E983F28D7D67A0034BC95 /* Education.swift */; };
		011E984228D7D6B50034BC95 /* Experience.swift in Sources */ = {isa = PBXBuildFile; fileRef = 011E984128D7D6B50034BC95 /* Experience.swift */; };
		011E984428D7D6D90034BC95 /* CoverLetter.swift in Sources */ = {isa = PBXBuildFile; fileRef = 011E984328D7D6D90034BC95 /* CoverLetter.swift */; };
		011E984928D7D7B10034BC95 /* Languages.swift in Sources */ = {isa = PBXBuildFile; fileRef = 011E984828D7D7B10034BC95 /* Languages.swift */; };
		011E984B28D7F5DD0034BC95 /* Interests.swift in Sources */ = {isa = PBXBuildFile; fileRef = 011E984A28D7F5DD0034BC95 /* Interests.swift */; };
		01737E8C28D6A7C4002142EA /* AboutMe.swift in Sources */ = {isa = PBXBuildFile; fileRef = 01737E8B28D6A7C4002142EA /* AboutMe.swift */; };
		01737E8E28D6A7EA002142EA /* Skills.swift in Sources */ = {isa = PBXBuildFile; fileRef = 01737E8D28D6A7EA002142EA /* Skills.swift */; };
		01737E9028D6A7FD002142EA /* ContactMe.swift in Sources */ = {isa = PBXBuildFile; fileRef = 01737E8F28D6A7FD002142EA /* ContactMe.swift */; };
		01737E9228D6A813002142EA /* Portfolio.swift in Sources */ = {isa = PBXBuildFile; fileRef = 01737E9128D6A813002142EA /* Portfolio.swift */; };
		01A356D828D6A06B0019DF2F /* ResumeApp.swift in Sources */ = {isa = PBXBuildFile; fileRef = 01A356D728D6A06B0019DF2F /* ResumeApp.swift */; };
		01A356DA28D6A06B0019DF2F /* ContentView.swift in Sources */ = {isa = PBXBuildFile; fileRef = 01A356D928D6A06B0019DF2F /* ContentView.swift */; };
		01A356DC28D6A06C0019DF2F /* Assets.xcassets in Resources */ = {isa = PBXBuildFile; fileRef = 01A356DB28D6A06C0019DF2F /* Assets.xcassets */; };
		01A356DF28D6A06C0019DF2F /* Preview Assets.xcassets in Resources */ = {isa = PBXBuildFile; fileRef = 01A356DE28D6A06C0019DF2F /* Preview Assets.xcassets */; };
		01A356E128D6A06C0019DF2F /* Persistence.swift in Sources */ = {isa = PBXBuildFile; fileRef = 01A356E028D6A06C0019DF2F /* Persistence.swift */; };
		01A356E428D6A06C0019DF2F /* Resume.xcdatamodeld in Sources */ = {isa = PBXBuildFile; fileRef = 01A356E228D6A06C0019DF2F /* Resume.xcdatamodeld */; };
/* End PBXBuildFile section */

/* Begin PBXFileReference section */
		011E983F28D7D67A0034BC95 /* Education.swift */ = {isa = PBXFileReference; lastKnownFileType = sourcecode.swift; path = Education.swift; sourceTree = "<group>"; };
		011E984128D7D6B50034BC95 /* Experience.swift */ = {isa = PBXFileReference; lastKnownFileType = sourcecode.swift; path = Experience.swift; sourceTree = "<group>"; };
		011E984328D7D6D90034BC95 /* CoverLetter.swift */ = {isa = PBXFileReference; lastKnownFileType = sourcecode.swift; path = CoverLetter.swift; sourceTree = "<group>"; };
		011E984828D7D7B10034BC95 /* Languages.swift */ = {isa = PBXFileReference; lastKnownFileType = sourcecode.swift; path = Languages.swift; sourceTree = "<group>"; };
		011E984A28D7F5DD0034BC95 /* Interests.swift */ = {isa = PBXFileReference; lastKnownFileType = sourcecode.swift; path = Interests.swift; sourceTree = "<group>"; };
		01737E8B28D6A7C4002142EA /* AboutMe.swift */ = {isa = PBXFileReference; lastKnownFileType = sourcecode.swift; path = AboutMe.swift; sourceTree = "<group>"; };
		01737E8D28D6A7EA002142EA /* Skills.swift */ = {isa = PBXFileReference; lastKnownFileType = sourcecode.swift; path = Skills.swift; sourceTree = "<group>"; };
		01737E8F28D6A7FD002142EA /* ContactMe.swift */ = {isa = PBXFileReference; lastKnownFileType = sourcecode.swift; path = ContactMe.swift; sourceTree = "<group>"; };
		01737E9128D6A813002142EA /* Portfolio.swift */ = {isa = PBXFileReference; lastKnownFileType = sourcecode.swift; path = Portfolio.swift; sourceTree = "<group>"; };
		01A356D428D6A06B0019DF2F /* Resume.app */ = {isa = PBXFileReference; explicitFileType = wrapper.application; includeInIndex = 0; path = Resume.app; sourceTree = BUILT_PRODUCTS_DIR; };
		01A356D728D6A06B0019DF2F /* ResumeApp.swift */ = {isa = PBXFileReference; lastKnownFileType = sourcecode.swift; path = ResumeApp.swift; sourceTree = "<group>"; };
		01A356D928D6A06B0019DF2F /* ContentView.swift */ = {isa = PBXFileReference; lastKnownFileType = sourcecode.swift; path = ContentView.swift; sourceTree = "<group>"; };
		01A356DB28D6A06C0019DF2F /* Assets.xcassets */ = {isa = PBXFileReference; lastKnownFileType = folder.assetcatalog; path = Assets.xcassets; sourceTree = "<group>"; };
		01A356DE28D6A06C0019DF2F /* Preview Assets.xcassets */ = {isa = PBXFileReference; lastKnownFileType = folder.assetcatalog; path = "Preview Assets.xcassets"; sourceTree = "<group>"; };
		01A356E028D6A06C0019DF2F /* Persistence.swift */ = {isa = PBXFileReference; lastKnownFileType = sourcecode.swift; path = Persistence.swift; sourceTree = "<group>"; };
		01A356E328D6A06C0019DF2F /* Resume.xcdatamodel */ = {isa = PBXFileReference; lastKnownFileType = wrapper.xcdatamodel; path = Resume.xcdatamodel; sourceTree = "<group>"; };
		01A356E528D6A06C0019DF2F /* Info.plist */ = {isa = PBXFileReference; lastKnownFileType = text.plist.xml; path = Info.plist; sourceTree = "<group>"; };
/* End PBXFileReference section */

/* Begin PBXFrameworksBuildPhase section */
		01A356D128D6A06B0019DF2F /* Frameworks */ = {
			isa = PBXFrameworksBuildPhase;
			buildActionMask = 2147483647;
			files = (
			);
			runOnlyForDeploymentPostprocessing = 0;
		};
/* End PBXFrameworksBuildPhase section */

/* Begin PBXGroup section */
		011E983E28D7D65D0034BC95 /* Pages */ = {
			isa = PBXGroup;
			children = (
				011E983F28D7D67A0034BC95 /* Education.swift */,
				011E984128D7D6B50034BC95 /* Experience.swift */,
				011E984328D7D6D90034BC95 /* CoverLetter.swift */,
				011E984828D7D7B10034BC95 /* Languages.swift */,
				011E984A28D7F5DD0034BC95 /* Interests.swift */,
			);
			path = Pages;
			sourceTree = "<group>";
		};
		01737E8A28D6A7A1002142EA /* Views */ = {
			isa = PBXGroup;
			children = (
				011E983E28D7D65D0034BC95 /* Pages */,
				01737E8B28D6A7C4002142EA /* AboutMe.swift */,
				01737E8D28D6A7EA002142EA /* Skills.swift */,
				01737E8F28D6A7FD002142EA /* ContactMe.swift */,
				01737E9128D6A813002142EA /* Portfolio.swift */,
			);
			path = Views;
			sourceTree = "<group>";
		};
		01A356CB28D6A06B0019DF2F = {
			isa = PBXGroup;
			children = (
				01A356D628D6A06B0019DF2F /* Resume */,
				01A356D528D6A06B0019DF2F /* Products */,
			);
			sourceTree = "<group>";
		};
		01A356D528D6A06B0019DF2F /* Products */ = {
			isa = PBXGroup;
			children = (
				01A356D428D6A06B0019DF2F /* Resume.app */,
			);
			name = Products;
			sourceTree = "<group>";
		};
		01A356D628D6A06B0019DF2F /* Resume */ = {
			isa = PBXGroup;
			children = (
				01737E8A28D6A7A1002142EA /* Views */,
				01A356D728D6A06B0019DF2F /* ResumeApp.swift */,
				01A356D928D6A06B0019DF2F /* ContentView.swift */,
				01A356DB28D6A06C0019DF2F /* Assets.xcassets */,
				01A356E028D6A06C0019DF2F /* Persistence.swift */,
				01A356E528D6A06C0019DF2F /* Info.plist */,
				01A356E228D6A06C0019DF2F /* Resume.xcdatamodeld */,
				01A356DD28D6A06C0019DF2F /* Preview Content */,
			);
			path = Resume;
			sourceTree = "<group>";
		};
		01A356DD28D6A06C0019DF2F /* Preview Content */ = {
			isa = PBXGroup;
			children = (
				01A356DE28D6A06C0019DF2F /* Preview Assets.xcassets */,
			);
			path = "Preview Content";
			sourceTree = "<group>";
		};
/* End PBXGroup section */

/* Begin PBXNativeTarget section */
		01A356D328D6A06B0019DF2F /* Resume */ = {
			isa = PBXNativeTarget;
			buildConfigurationList = 01A356E828D6A06C0019DF2F /* Build configuration list for PBXNativeTarget "Resume" */;
			buildPhases = (
				01A356D028D6A06B0019DF2F /* Sources */,
				01A356D128D6A06B0019DF2F /* Frameworks */,
				01A356D228D6A06B0019DF2F /* Resources */,
			);
			buildRules = (
			);
			dependencies = (
			);
			name = Resume;
			productName = Resume;
			productReference = 01A356D428D6A06B0019DF2F /* Resume.app */;
			productType = "com.apple.product-type.application";
		};
/* End PBXNativeTarget section */

/* Begin PBXProject section */
		01A356CC28D6A06B0019DF2F /* Project object */ = {
			isa = PBXProject;
			attributes = {
				BuildIndependentTargetsInParallel = 1;
				LastSwiftUpdateCheck = 1400;
				LastUpgradeCheck = 1400;
				TargetAttributes = {
					01A356D328D6A06B0019DF2F = {
						CreatedOnToolsVersion = 14.0;
					};
				};
			};
			buildConfigurationList = 01A356CF28D6A06B0019DF2F /* Build configuration list for PBXProject "Resume" */;
			compatibilityVersion = "Xcode 14.0";
			developmentRegion = en;
			hasScannedForEncodings = 0;
			knownRegions = (
				en,
				Base,
			);
			mainGroup = 01A356CB28D6A06B0019DF2F;
			productRefGroup = 01A356D528D6A06B0019DF2F /* Products */;
			projectDirPath = "";
			projectRoot = "";
			targets = (
				01A356D328D6A06B0019DF2F /* Resume */,
			);
		};
/* End PBXProject section */

/* Begin PBXResourcesBuildPhase section */
		01A356D228D6A06B0019DF2F /* Resources */ = {
			isa = PBXResourcesBuildPhase;
			buildActionMask = 2147483647;
			files = (
				01A356DF28D6A06C0019DF2F /* Preview Assets.xcassets in Resources */,
				01A356DC28D6A06C0019DF2F /* Assets.xcassets in Resources */,
			);
			runOnlyForDeploymentPostprocessing = 0;
		};
/* End PBXResourcesBuildPhase section */

/* Begin PBXSourcesBuildPhase section */
		01A356D028D6A06B0019DF2F /* Sources */ = {
			isa = PBXSourcesBuildPhase;
			buildActionMask = 2147483647;
			files = (
				01737E9228D6A813002142EA /* Portfolio.swift in Sources */,
				01A356E428D6A06C0019DF2F /* Resume.xcdatamodeld in Sources */,
				011E984428D7D6D90034BC95 /* CoverLetter.swift in Sources */,
				01737E8E28D6A7EA002142EA /* Skills.swift in Sources */,
				011E984228D7D6B50034BC95 /* Experience.swift in Sources */,
				011E984928D7D7B10034BC95 /* Languages.swift in Sources */,
				01737E8C28D6A7C4002142EA /* AboutMe.swift in Sources */,
				011E984B28D7F5DD0034BC95 /* Interests.swift in Sources */,
				01A356E128D6A06C0019DF2F /* Persistence.swift in Sources */,
				01737E9028D6A7FD002142EA /* ContactMe.swift in Sources */,
				01A356DA28D6A06B0019DF2F /* ContentView.swift in Sources */,
				01A356D828D6A06B0019DF2F /* ResumeApp.swift in Sources */,
				011E984028D7D67A0034BC95 /* Education.swift in Sources */,
			);
			runOnlyForDeploymentPostprocessing = 0;
		};
/* End PBXSourcesBuildPhase section */

/* Begin XCBuildConfiguration section */
		01A356E628D6A06C0019DF2F /* Debug */ = {
			isa = XCBuildConfiguration;
			buildSettings = {
				ALWAYS_SEARCH_USER_PATHS = NO;
				CLANG_ANALYZER_NONNULL = YES;
				CLANG_ANALYZER_NUMBER_OBJECT_CONVERSION = YES_AGGRESSIVE;
				CLANG_CXX_LANGUAGE_STANDARD = "gnu++20";
				CLANG_ENABLE_MODULES = YES;
				CLANG_ENABLE_OBJC_ARC = YES;
				CLANG_ENABLE_OBJC_WEAK = YES;
				CLANG_WARN_BLOCK_CAPTURE_AUTORELEASING = YES;
				CLANG_WARN_BOOL_CONVERSION = YES;
				CLANG_WARN_COMMA = YES;
				CLANG_WARN_CONSTANT_CONVERSION = YES;
				CLANG_WARN_DEPRECATED_OBJC_IMPLEMENTATIONS = YES;
				CLANG_WARN_DIRECT_OBJC_ISA_USAGE = YES_ERROR;
				CLANG_WARN_DOCUMENTATION_COMMENTS = YES;
				CLANG_WARN_EMPTY_BODY = YES;
				CLANG_WARN_ENUM_CONVERSION = YES;
				CLANG_WARN_INFINITE_RECURSION = YES;
				CLANG_WARN_INT_CONVERSION = YES;
				CLANG_WARN_NON_LITERAL_NULL_CONVERSION = YES;
				CLANG_WARN_OBJC_IMPLICIT_RETAIN_SELF = YES;
				CLANG_WARN_OBJC_LITERAL_CONVERSION = YES;
				CLANG_WARN_OBJC_ROOT_CLASS = YES_ERROR;
				CLANG_WARN_QUOTED_INCLUDE_IN_FRAMEWORK_HEADER = YES;
				CLANG_WARN_RANGE_LOOP_ANALYSIS = YES;
				CLANG_WARN_STRICT_PROTOTYPES = YES;
				CLANG_WARN_SUSPICIOUS_MOVE = YES;
				CLANG_WARN_UNGUARDED_AVAILABILITY = YES_AGGRESSIVE;
				CLANG_WARN_UNREACHABLE_CODE = YES;
				CLANG_WARN__DUPLICATE_METHOD_MATCH = YES;
				COPY_PHASE_STRIP = NO;
				DEBUG_INFORMATION_FORMAT = dwarf;
				ENABLE_STRICT_OBJC_MSGSEND = YES;
				ENABLE_TESTABILITY = YES;
				GCC_C_LANGUAGE_STANDARD = gnu11;
				GCC_DYNAMIC_NO_PIC = NO;
				GCC_NO_COMMON_BLOCKS = YES;
				GCC_OPTIMIZATION_LEVEL = 0;
				GCC_PREPROCESSOR_DEFINITIONS = (
					"DEBUG=1",
					"$(inherited)",
				);
				GCC_WARN_64_TO_32_BIT_CONVERSION = YES;
				GCC_WARN_ABOUT_RETURN_TYPE = YES_ERROR;
				GCC_WARN_UNDECLARED_SELECTOR = YES;
				GCC_WARN_UNINITIALIZED_AUTOS = YES_AGGRESSIVE;
				GCC_WARN_UNUSED_FUNCTION = YES;
				GCC_WARN_UNUSED_VARIABLE = YES;
				IPHONEOS_DEPLOYMENT_TARGET = 16.0;
				MTL_ENABLE_DEBUG_INFO = INCLUDE_SOURCE;
				MTL_FAST_MATH = YES;
				ONLY_ACTIVE_ARCH = YES;
				SDKROOT = iphoneos;
				SWIFT_ACTIVE_COMPILATION_CONDITIONS = DEBUG;
				SWIFT_OPTIMIZATION_LEVEL = "-Onone";
			};
			name = Debug;
		};
		01A356E728D6A06C0019DF2F /* Release */ = {
			isa = XCBuildConfiguration;
			buildSettings = {
				ALWAYS_SEARCH_USER_PATHS = NO;
				CLANG_ANALYZER_NONNULL = YES;
				CLANG_ANALYZER_NUMBER_OBJECT_CONVERSION = YES_AGGRESSIVE;
				CLANG_CXX_LANGUAGE_STANDARD = "gnu++20";
				CLANG_ENABLE_MODULES = YES;
				CLANG_ENABLE_OBJC_ARC = YES;
				CLANG_ENABLE_OBJC_WEAK = YES;
				CLANG_WARN_BLOCK_CAPTURE_AUTORELEASING = YES;
				CLANG_WARN_BOOL_CONVERSION = YES;
				CLANG_WARN_COMMA = YES;
				CLANG_WARN_CONSTANT_CONVERSION = YES;
				CLANG_WARN_DEPRECATED_OBJC_IMPLEMENTATIONS = YES;
				CLANG_WARN_DIRECT_OBJC_ISA_USAGE = YES_ERROR;
				CLANG_WARN_DOCUMENTATION_COMMENTS = YES;
				CLANG_WARN_EMPTY_BODY = YES;
				CLANG_WARN_ENUM_CONVERSION = YES;
				CLANG_WARN_INFINITE_RECURSION = YES;
				CLANG_WARN_INT_CONVERSION = YES;
				CLANG_WARN_NON_LITERAL_NULL_CONVERSION = YES;
				CLANG_WARN_OBJC_IMPLICIT_RETAIN_SELF = YES;
				CLANG_WARN_OBJC_LITERAL_CONVERSION = YES;
				CLANG_WARN_OBJC_ROOT_CLASS = YES_ERROR;
				CLANG_WARN_QUOTED_INCLUDE_IN_FRAMEWORK_HEADER = YES;
				CLANG_WARN_RANGE_LOOP_ANALYSIS = YES;
				CLANG_WARN_STRICT_PROTOTYPES = YES;
				CLANG_WARN_SUSPICIOUS_MOVE = YES;
				CLANG_WARN_UNGUARDED_AVAILABILITY = YES_AGGRESSIVE;
				CLANG_WARN_UNREACHABLE_CODE = YES;
				CLANG_WARN__DUPLICATE_METHOD_MATCH = YES;
				COPY_PHASE_STRIP = NO;
				DEBUG_INFORMATION_FORMAT = "dwarf-with-dsym";
				ENABLE_NS_ASSERTIONS = NO;
				ENABLE_STRICT_OBJC_MSGSEND = YES;
				GCC_C_LANGUAGE_STANDARD = gnu11;
				GCC_NO_COMMON_BLOCKS = YES;
				GCC_WARN_64_TO_32_BIT_CONVERSION = YES;
				GCC_WARN_ABOUT_RETURN_TYPE = YES_ERROR;
				GCC_WARN_UNDECLARED_SELECTOR = YES;
				GCC_WARN_UNINITIALIZED_AUTOS = YES_AGGRESSIVE;
				GCC_WARN_UNUSED_FUNCTION = YES;
				GCC_WARN_UNUSED_VARIABLE = YES;
				IPHONEOS_DEPLOYMENT_TARGET = 16.0;
				MTL_ENABLE_DEBUG_INFO = NO;
				MTL_FAST_MATH = YES;
				SDKROOT = iphoneos;
				SWIFT_COMPILATION_MODE = wholemodule;
				SWIFT_OPTIMIZATION_LEVEL = "-O";
				VALIDATE_PRODUCT = YES;
			};
			name = Release;
		};
		01A356E928D6A06C0019DF2F /* Debug */ = {
			isa = XCBuildConfiguration;
			buildSettings = {
				ASSETCATALOG_COMPILER_APPICON_NAME = AppIcon;
				ASSETCATALOG_COMPILER_GLOBAL_ACCENT_COLOR_NAME = AccentColor;
				CODE_SIGN_STYLE = Automatic;
				CURRENT_PROJECT_VERSION = 1;
				DEVELOPMENT_ASSET_PATHS = "\"Resume/Preview Content\"";
				DEVELOPMENT_TEAM = A567TQN69Y;
				ENABLE_PREVIEWS = YES;
				GENERATE_INFOPLIST_FILE = YES;
				INFOPLIST_KEY_UIApplicationSceneManifest_Generation = YES;
				INFOPLIST_KEY_UIApplicationSupportsIndirectInputEvents = YES;
				INFOPLIST_KEY_UILaunchScreen_Generation = YES;
				INFOPLIST_KEY_UISupportedInterfaceOrientations_iPad = "UIInterfaceOrientationPortrait UIInterfaceOrientationPortraitUpsideDown UIInterfaceOrientationLandscapeLeft UIInterfaceOrientationLandscapeRight";
				INFOPLIST_KEY_UISupportedInterfaceOrientations_iPhone = "UIInterfaceOrientationPortrait UIInterfaceOrientationLandscapeLeft UIInterfaceOrientationLandscapeRight";
				LD_RUNPATH_SEARCH_PATHS = (
					"$(inherited)",
					"@executable_path/Frameworks",
				);
				MARKETING_VERSION = 1.0;
				PRODUCT_BUNDLE_IDENTIFIER = "Scaglia-Jonatan.Resume";
				PRODUCT_NAME = "$(TARGET_NAME)";
				SWIFT_EMIT_LOC_STRINGS = YES;
				SWIFT_VERSION = 5.0;
				TARGETED_DEVICE_FAMILY = "1,2";
			};
			name = Debug;
		};
		01A356EA28D6A06C0019DF2F /* Release */ = {
			isa = XCBuildConfiguration;
			buildSettings = {
				ASSETCATALOG_COMPILER_APPICON_NAME = AppIcon;
				ASSETCATALOG_COMPILER_GLOBAL_ACCENT_COLOR_NAME = AccentColor;
				CODE_SIGN_STYLE = Automatic;
				CURRENT_PROJECT_VERSION = 1;
				DEVELOPMENT_ASSET_PATHS = "\"Resume/Preview Content\"";
				DEVELOPMENT_TEAM = A567TQN69Y;
				ENABLE_PREVIEWS = YES;
				GENERATE_INFOPLIST_FILE = YES;
				INFOPLIST_KEY_UIApplicationSceneManifest_Generation = YES;
				INFOPLIST_KEY_UIApplicationSupportsIndirectInputEvents = YES;
				INFOPLIST_KEY_UILaunchScreen_Generation = YES;
				INFOPLIST_KEY_UISupportedInterfaceOrientations_iPad = "UIInterfaceOrientationPortrait UIInterfaceOrientationPortraitUpsideDown UIInterfaceOrientationLandscapeLeft UIInterfaceOrientationLandscapeRight";
				INFOPLIST_KEY_UISupportedInterfaceOrientations_iPhone = "UIInterfaceOrientationPortrait UIInterfaceOrientationLandscapeLeft UIInterfaceOrientationLandscapeRight";
				LD_RUNPATH_SEARCH_PATHS = (
					"$(inherited)",
					"@executable_path/Frameworks",
				);
				MARKETING_VERSION = 1.0;
				PRODUCT_BUNDLE_IDENTIFIER = "Scaglia-Jonatan.Resume";
				PRODUCT_NAME = "$(TARGET_NAME)";
				SWIFT_EMIT_LOC_STRINGS = YES;
				SWIFT_VERSION = 5.0;
				TARGETED_DEVICE_FAMILY = "1,2";
			};
			name = Release;
		};
/* End XCBuildConfiguration section */

/* Begin XCConfigurationList section */
		01A356CF28D6A06B0019DF2F /* Build configuration list for PBXProject "Resume" */ = {
			isa = XCConfigurationList;
			buildConfigurations = (
				01A356E628D6A06C0019DF2F /* Debug */,
				01A356E728D6A06C0019DF2F /* Release */,
			);
			defaultConfigurationIsVisible = 0;
			defaultConfigurationName = Release;
		};
		01A356E828D6A06C0019DF2F /* Build configuration list for PBXNativeTarget "Resume" */ = {
			isa = XCConfigurationList;
			buildConfigurations = (
				01A356E928D6A06C0019DF2F /* Debug */,
				01A356EA28D6A06C0019DF2F /* Release */,
			);
			defaultConfigurationIsVisible = 0;
			defaultConfigurationName = Release;
		};
/* End XCConfigurationList section */

/* Begin XCVersionGroup section */
		01A356E228D6A06C0019DF2F /* Resume.xcdatamodeld */ = {
			isa = XCVersionGroup;
			children = (
				01A356E328D6A06C0019DF2F /* Resume.xcdatamodel */,
			);
			currentVersion = 01A356E328D6A06C0019DF2F /* Resume.xcdatamodel */;
			path = Resume.xcdatamodeld;
			sourceTree = "<group>";
			versionGroupType = wrapper.xcdatamodel;
		};
/* End XCVersionGroup section */
	};
	rootObject = 01A356CC28D6A06B0019DF2F /* Project object */;
}
